
Microsoft Visual Studio Solution File, Format Version 12.00
# Visual Studio 14
VisualStudioVersion = 14.0.25420.1
MinimumVisualStudioVersion = 10.0.40219.1
Project("{8BC9CEB8-8B4A-11D0-8D11-00A0C91BC942}") = "PrimeNumbers", "PrimeNumbers\PrimeNumbers.vcxproj", "{428F0491-7E0C-45EF-BEEB-63808DBC1289}"
EndProject
Project("{8BC9CEB8-8B4A-11D0-8D11-00A0C91BC942}") = "SetProcessorTest", "SetProcessorTest\SetProcessorTest.vcxproj", "{6FE47D52-4ED3-45CB-BF7F-AEA3C13D7593}"
EndProject
Global
	GlobalSection(SolutionConfigurationPlatforms) = preSolution
		Debug|x64 = Debug|x64
		Debug|x86 = Debug|x86
		Release|x64 = Release|x64
		Release|x86 = Release|x86
	EndGlobalSection
	GlobalSection(ProjectConfigurationPlatforms) = postSolution
		{428F0491-7E0C-45EF-BEEB-63808DBC1289}.Debug|x64.ActiveCfg = Debug|x64
		{428F0491-7E0C-45EF-BEEB-63808DBC1289}.Debug|x64.Build.0 = Debug|x64
		{428F0491-7E0C-45EF-BEEB-63808DBC1289}.Debug|x86.ActiveCfg = Debug|Win32
		{428F0491-7E0C-45EF-BEEB-63808DBC1289}.Debug|x86.Build.0 = Debug|Win32
		{428F0491-7E0C-45EF-BEEB-63808DBC1289}.Release|x64.ActiveCfg = Release|x64
		{428F0491-7E0C-45EF-BEEB-63808DBC1289}.Release|x64.Build.0 = Release|x64
		{428F0491-7E0C-45EF-BEEB-63808DBC1289}.Release|x86.ActiveCfg = Release|Win32
		{428F0491-7E0C-45EF-BEEB-63808DBC1289}.Release|x86.Build.0 = Release|Win32
		{6FE47D52-4ED3-45CB-BF7F-AEA3C13D7593}.Debug|x64.ActiveCfg = Debug|x64
		{6FE47D52-4ED3-45CB-BF7F-AEA3C13D7593}.Debug|x64.Build.0 = Debug|x64
		{6FE47D52-4ED3-45CB-BF7F-AEA3C13D7593}.Debug|x86.ActiveCfg = Debug|Win32
		{6FE47D52-4ED3-45CB-BF7F-AEA3C13D7593}.Debug|x86.Build.0 = Debug|Win32
		{6FE47D52-4ED3-45CB-BF7F-AEA3C13D7593}.Release|x64.ActiveCfg = Release|x64
		{6FE47D52-4ED3-45CB-BF7F-AEA3C13D7593}.Release|x64.Build.0 = Release|x64
		{6FE47D52-4ED3-45CB-BF7F-AEA3C13D7593}.Release|x86.ActiveCfg = Release|Win32
		{6FE47D52-4ED3-45CB-BF7F-AEA3C13D7593}.Release|x86.Build.0 = Release|Win32
	EndGlobalSection
	GlobalSection(SolutionProperties) = preSolution
		HideSolutionNode = FALSE
	EndGlobalSection
EndGlobal
